
Microsoft Visual Studio Solution File, Format Version 12.00
# Visual Studio Version 17
VisualStudioVersion = 17.9.34622.214
MinimumVisualStudioVersion = 10.0.40219.1
Project("{FAE04EC0-301F-11D3-BF4B-00C04F79EFBC}") = "Cursach", "Cursach.csproj", "{72D41394-AC5A-4325-A40B-2B96795F1120}"
EndProject
Global
	GlobalSection(SolutionConfigurationPlatforms) = preSolution
		Debug|Any CPU = Debug|Any CPU
		Release|Any CPU = Release|Any CPU
	EndGlobalSection
	GlobalSection(ProjectConfigurationPlatforms) = postSolution
		{72D41394-AC5A-4325-A40B-2B96795F1120}.Debug|Any CPU.ActiveCfg = Debug|Any CPU
		{72D41394-AC5A-4325-A40B-2B96795F1120}.Debug|Any CPU.Build.0 = Debug|Any CPU
		{72D41394-AC5A-4325-A40B-2B96795F1120}.Release|Any CPU.ActiveCfg = Release|Any CPU
		{72D41394-AC5A-4325-A40B-2B96795F1120}.Release|Any CPU.Build.0 = Release|Any CPU
	EndGlobalSection
	GlobalSection(SolutionProperties) = preSolution
		HideSolutionNode = FALSE
	EndGlobalSection
	GlobalSection(ExtensibilityGlobals) = postSolution
		SolutionGuid = {B54C9BC3-BCDF-4B05-92E9-768BA7CAC12B}
	EndGlobalSection
EndGlobal
